Microsoft Visual Studio Solution File, Format Version 12.00
# Visual Studio Version 17
VisualStudioVersion = 17.5.2.0
MinimumVisualStudioVersion = 10.0.40219.1
Project("{FAE04EC0-301F-11D3-BF4B-00C04F79EFBC}") = "demo-backend", "demo-backend.csproj", "{563F7958-98A3-7D2D-4FD9-7A898F53612A}"
EndProject
Global
	GlobalSection(SolutionConfigurationPlatforms) = preSolution
		Debug|Any CPU = Debug|Any CPU
		Release|Any CPU = Release|Any CPU
	EndGlobalSection
	GlobalSection(ProjectConfigurationPlatforms) = postSolution
		{563F7958-98A3-7D2D-4FD9-7A898F53612A}.Debug|Any CPU.ActiveCfg = Debug|Any CPU
		{563F7958-98A3-7D2D-4FD9-7A898F53612A}.Debug|Any CPU.Build.0 = Debug|Any CPU
		{563F7958-98A3-7D2D-4FD9-7A898F53612A}.Release|Any CPU.ActiveCfg = Release|Any CPU
		{563F7958-98A3-7D2D-4FD9-7A898F53612A}.Release|Any CPU.Build.0 = Release|Any CPU
	EndGlobalSection
	GlobalSection(SolutionProperties) = preSolution
		HideSolutionNode = FALSE
	EndGlobalSection
	GlobalSection(ExtensibilityGlobals) = postSolution
		SolutionGuid = {1E7AC464-D718-4776-9F51-91CAF05ABC39}
	EndGlobalSection
EndGlobal
